
Microsoft Visual Studio Solution File, Format Version 12.00
# Visual Studio 15
VisualStudioVersion = 15.0.26124.0
MinimumVisualStudioVersion = 15.0.26124.0
Project("{FAE04EC0-301F-11D3-BF4B-00C04F79EFBC}") = "Agap2IT.DDDInPractice.Logic", "Agap2IT.DDDInPractice.Logic\Agap2IT.DDDInPractice.Logic.csproj", "{5E6DA730-C479-4E81-8E4C-B47BFF54C396}"
EndProject
Project("{FAE04EC0-301F-11D3-BF4B-00C04F79EFBC}") = "Agap2IT.DDDInPractice.Tests", "Agap2IT.DDDInPractice.Tests\Agap2IT.DDDInPractice.Tests.csproj", "{1E98C5D3-58DB-4361-97BC-6CE12DEEEDD9}"
EndProject
Project("{FAE04EC0-301F-11D3-BF4B-00C04F79EFBC}") = "Agap2IT.DDDInPractice.UI", "Agap2IT.DDDInPractice.UI\Agap2IT.DDDInPractice.UI.csproj", "{2DBB48D1-8073-499F-88E3-7BAD49F68DBB}"
EndProject
Global
	GlobalSection(SolutionConfigurationPlatforms) = preSolution
		Debug|Any CPU = Debug|Any CPU
		Debug|x64 = Debug|x64
		Debug|x86 = Debug|x86
		Release|Any CPU = Release|Any CPU
		Release|x64 = Release|x64
		Release|x86 = Release|x86
	EndGlobalSection
	GlobalSection(SolutionProperties) = preSolution
		HideSolutionNode = FALSE
	EndGlobalSection
	GlobalSection(ProjectConfigurationPlatforms) = postSolution
		{5E6DA730-C479-4E81-8E4C-B47BFF54C396}.Debug|Any CPU.ActiveCfg = Debug|Any CPU
		{5E6DA730-C479-4E81-8E4C-B47BFF54C396}.Debug|Any CPU.Build.0 = Debug|Any CPU
		{5E6DA730-C479-4E81-8E4C-B47BFF54C396}.Debug|x64.ActiveCfg = Debug|Any CPU
		{5E6DA730-C479-4E81-8E4C-B47BFF54C396}.Debug|x64.Build.0 = Debug|Any CPU
		{5E6DA730-C479-4E81-8E4C-B47BFF54C396}.Debug|x86.ActiveCfg = Debug|Any CPU
		{5E6DA730-C479-4E81-8E4C-B47BFF54C396}.Debug|x86.Build.0 = Debug|Any CPU
		{5E6DA730-C479-4E81-8E4C-B47BFF54C396}.Release|Any CPU.ActiveCfg = Release|Any CPU
		{5E6DA730-C479-4E81-8E4C-B47BFF54C396}.Release|Any CPU.Build.0 = Release|Any CPU
		{5E6DA730-C479-4E81-8E4C-B47BFF54C396}.Release|x64.ActiveCfg = Release|Any CPU
		{5E6DA730-C479-4E81-8E4C-B47BFF54C396}.Release|x64.Build.0 = Release|Any CPU
		{5E6DA730-C479-4E81-8E4C-B47BFF54C396}.Release|x86.ActiveCfg = Release|Any CPU
		{5E6DA730-C479-4E81-8E4C-B47BFF54C396}.Release|x86.Build.0 = Release|Any CPU
		{1E98C5D3-58DB-4361-97BC-6CE12DEEEDD9}.Debug|Any CPU.ActiveCfg = Debug|Any CPU
		{1E98C5D3-58DB-4361-97BC-6CE12DEEEDD9}.Debug|Any CPU.Build.0 = Debug|Any CPU
		{1E98C5D3-58DB-4361-97BC-6CE12DEEEDD9}.Debug|x64.ActiveCfg = Debug|Any CPU
		{1E98C5D3-58DB-4361-97BC-6CE12DEEEDD9}.Debug|x64.Build.0 = Debug|Any CPU
		{1E98C5D3-58DB-4361-97BC-6CE12DEEEDD9}.Debug|x86.ActiveCfg = Debug|Any CPU
		{1E98C5D3-58DB-4361-97BC-6CE12DEEEDD9}.Debug|x86.Build.0 = Debug|Any CPU
		{1E98C5D3-58DB-4361-97BC-6CE12DEEEDD9}.Release|Any CPU.ActiveCfg = Release|Any CPU
		{1E98C5D3-58DB-4361-97BC-6CE12DEEEDD9}.Release|Any CPU.Build.0 = Release|Any CPU
		{1E98C5D3-58DB-4361-97BC-6CE12DEEEDD9}.Release|x64.ActiveCfg = Release|Any CPU
		{1E98C5D3-58DB-4361-97BC-6CE12DEEEDD9}.Release|x64.Build.0 = Release|Any CPU
		{1E98C5D3-58DB-4361-97BC-6CE12DEEEDD9}.Release|x86.ActiveCfg = Release|Any CPU
		{1E98C5D3-58DB-4361-97BC-6CE12DEEEDD9}.Release|x86.Build.0 = Release|Any CPU
		{2DBB48D1-8073-499F-88E3-7BAD49F68DBB}.Debug|Any CPU.ActiveCfg = Debug|Any CPU
		{2DBB48D1-8073-499F-88E3-7BAD49F68DBB}.Debug|Any CPU.Build.0 = Debug|Any CPU
		{2DBB48D1-8073-499F-88E3-7BAD49F68DBB}.Debug|x64.ActiveCfg = Debug|Any CPU
		{2DBB48D1-8073-499F-88E3-7BAD49F68DBB}.Debug|x64.Build.0 = Debug|Any CPU
		{2DBB48D1-8073-499F-88E3-7BAD49F68DBB}.Debug|x86.ActiveCfg = Debug|Any CPU
		{2DBB48D1-8073-499F-88E3-7BAD49F68DBB}.Debug|x86.Build.0 = Debug|Any CPU
		{2DBB48D1-8073-499F-88E3-7BAD49F68DBB}.Release|Any CPU.ActiveCfg = Release|Any CPU
		{2DBB48D1-8073-499F-88E3-7BAD49F68DBB}.Release|Any CPU.Build.0 = Release|Any CPU
		{2DBB48D1-8073-499F-88E3-7BAD49F68DBB}.Release|x64.ActiveCfg = Release|Any CPU
		{2DBB48D1-8073-499F-88E3-7BAD49F68DBB}.Release|x64.Build.0 = Release|Any CPU
		{2DBB48D1-8073-499F-88E3-7BAD49F68DBB}.Release|x86.ActiveCfg = Release|Any CPU
		{2DBB48D1-8073-499F-88E3-7BAD49F68DBB}.Release|x86.Build.0 = Release|Any CPU
	EndGlobalSection
EndGlobal
